
Microsoft Visual Studio Solution File, Format Version 12.00
# Visual Studio Version 17
Project("{FAE04EC0-301F-11D3-BF4B-00C04F79EFBC}") = "Jellyfin.Plugin.Avatars", "Jellyfin.Plugin.Avatars\Jellyfin.Plugin.Avatars.csproj", "{1A7F0D2A-3B14-4E08-9A1F-7D2E8B6C4F11}"
EndProject
Project("{FAE04EC0-301F-11D3-BF4B-00C04F79EFBC}") = "Jellyfin.Plugin.Avatars.Tests", "tests\Jellyfin.Plugin.Avatars.Tests\Jellyfin.Plugin.Avatars.Tests.csproj", "{2B7F0D2A-3B14-4E08-9A1F-7D2E8B6C4F12}"
EndProject
Global
	GlobalSection(SolutionConfigurationPlatforms) = preSolution
		Debug|Any CPU = Debug|Any CPU
		Release|Any CPU = Release|Any CPU
	EndGlobalSection
	GlobalSection(ProjectConfigurationPlatforms) = postSolution
		{1A7F0D2A-3B14-4E08-9A1F-7D2E8B6C4F11}.Debug|Any CPU.ActiveCfg = Debug|Any CPU
		{1A7F0D2A-3B14-4E08-9A1F-7D2E8B6C4F11}.Debug|Any CPU.Build.0 = Debug|Any CPU
		{1A7F0D2A-3B14-4E08-9A1F-7D2E8B6C4F11}.Release|Any CPU.ActiveCfg = Release|Any CPU
		{1A7F0D2A-3B14-4E08-9A1F-7D2E8B6C4F11}.Release|Any CPU.Build.0 = Release|Any CPU
		{2B7F0D2A-3B14-4E08-9A1F-7D2E8B6C4F12}.Debug|Any CPU.ActiveCfg = Debug|Any CPU
		{2B7F0D2A-3B14-4E08-9A1F-7D2E8B6C4F12}.Debug|Any CPU.Build.0 = Debug|Any CPU
		{2B7F0D2A-3B14-4E08-9A1F-7D2E8B6C4F12}.Release|Any CPU.ActiveCfg = Release|Any CPU
		{2B7F0D2A-3B14-4E08-9A1F-7D2E8B6C4F12}.Release|Any CPU.Build.0 = Release|Any CPU
	EndGlobalSection
EndGlobal
